
Microsoft Visual Studio Solution File, Format Version 12.00
# Visual Studio 15
Project("{FAE04EC0-301F-11D3-BF4B-00C04F79EFBC}") = "Assembly-CSharp", "Assembly-CSharp.csproj", "{93340F64-DC03-38C5-1703-3A10BA0E4E97}"
EndProject
Project("{FAE04EC0-301F-11D3-BF4B-00C04F79EFBC}") = "Assembly-CSharp-Editor", "Assembly-CSharp-Editor.csproj", "{BF0CCC41-648C-1AB7-E0C2-E55E5985392D}"
EndProject
Global
	GlobalSection(SolutionConfigurationPlatforms) = preSolution
		Debug|Any CPU = Debug|Any CPU
		Release|Any CPU = Release|Any CPU
	EndGlobalSection
	GlobalSection(ProjectConfigurationPlatforms) = postSolution
		{93340F64-DC03-38C5-1703-3A10BA0E4E97}.Debug|Any CPU.ActiveCfg = Debug|Any CPU
		{93340F64-DC03-38C5-1703-3A10BA0E4E97}.Debug|Any CPU.Build.0 = Debug|Any CPU
		{93340F64-DC03-38C5-1703-3A10BA0E4E97}.Release|Any CPU.ActiveCfg = Release|Any CPU
		{93340F64-DC03-38C5-1703-3A10BA0E4E97}.Release|Any CPU.Build.0 = Release|Any CPU
		{BF0CCC41-648C-1AB7-E0C2-E55E5985392D}.Debug|Any CPU.ActiveCfg = Debug|Any CPU
		{BF0CCC41-648C-1AB7-E0C2-E55E5985392D}.Debug|Any CPU.Build.0 = Debug|Any CPU
		{BF0CCC41-648C-1AB7-E0C2-E55E5985392D}.Release|Any CPU.ActiveCfg = Release|Any CPU
		{BF0CCC41-648C-1AB7-E0C2-E55E5985392D}.Release|Any CPU.Build.0 = Release|Any CPU
	EndGlobalSection
	GlobalSection(SolutionProperties) = preSolution
		HideSolutionNode = FALSE
	EndGlobalSection
EndGlobal
